PODS:
  - AFNetworking (3.2.0):
    - AFNetworking/NSURLSession (= 3.2.0)
    - AFNetworking/Reachability (= 3.2.0)
    - AFNetworking/Security (= 3.2.0)
    - AFNetworking/Serialization (= 3.2.0)
    - AFNetworking/UIKit (= 3.2.0)
  - AFNetworking/NSURLSession (3.2.0):
    - AFNetworking/Reachability
    - AFNetworking/Security
    - AFNetworking/Serialization
  - AFNetworking/Reachability (3.2.0)
  - AFNetworking/Security (3.2.0)
  - AFNetworking/Serialization (3.2.0)
  - AFNetworking/UIKit (3.2.0):
    - AFNetworking/NSURLSession
  - GoogleMaps (2.6.0):
    - GoogleMaps/Maps (= 2.6.0)
  - GoogleMaps/Base (2.6.0)
  - GoogleMaps/Maps (2.6.0):
    - GoogleMaps/Base
  - GooglePlacePicker (2.6.0):
    - GoogleMaps (= 2.6.0)
    - GooglePlaces (= 2.6.0)
  - GooglePlaces (2.6.0):
    - GoogleMaps/Base (= 2.6.0)
  - NCMB (2.4.3)
  - SMCalloutView (2.1.5)
  - SVProgressHUD (2.2.5)

DEPENDENCIES:
  - AFNetworking
  - GoogleMaps
  - GooglePlacePicker
  - GooglePlaces
  - NCMB (from `https://github.com/NIFCloud-mbaas/ncmb_ios.git`)
  - SMCalloutView
  - SVProgressHUD

EXTERNAL SOURCES:
  NCMB:
    :git: https://github.com/NIFCloud-mbaas/ncmb_ios.git

CHECKOUT OPTIONS:
  NCMB:
    :commit: ff4c625eaa4d0789d03ad90ed572f7bfad8691e4
    :git: https://github.com/NIFCloud-mbaas/ncmb_ios.git

SPEC CHECKSUMS:
  AFNetworking: 8ac6017b94ea105479f7776e5288e48ae9c59bb4
  GoogleMaps: 42f91c68b7fa2f84d5c86597b18ceb99f5414c7f
  GooglePlacePicker: e4488625effb006f59de49e14b7a603e463e4261
  GooglePlaces: f6ddf33b75cef69e888907d9947c57198ed845f3
  NCMB: 7b88a86be4a770bd260f42295c7649b00f57f178
  SMCalloutView: 5c0ee363dc8e7204b2fda17dfad38c93e9e23481
  SVProgressHUD: 1428aafac632c1f86f62aa4243ec12008d7a51d6

PODFILE CHECKSUM: 175ae5b934204e8d3ac4522e1a988e68c1f5d758

COCOAPODS: 1.4.0
